# This file is automatically @generated by Poetry 2.1.4 and should not be changed by hand.

[[package]]
name = "coloredlogs"
version = "15.0.1"
description = "Colored terminal output for Python's logging module"
optional = false
python-versions = ">=2.7, !=3.0.*, !=3.1.*, !=3.2.*, !=3.3.*, !=3.4.*"
groups = ["main"]
files = [
    {file = "coloredlogs-15.0.1-py2.py3-none-any.whl", hash = "sha256:612ee75c546f53e92e70049c9dbfcc18c935a2b9a53b66085ce9ef6a6e5c0934"},
    {file = "coloredlogs-15.0.1.tar.gz", hash = "sha256:7c991aa71a4577af2f82600d8f8f3a89f936baeaf9b50a9c197da014e5bf16b0"},
]

[package.dependencies]
humanfriendly = ">=9.1"

[package.extras]
cron = ["capturer (>=2.4)"]

[[package]]
name = "flatbuffers"
version = "23.5.26"
description = "The FlatBuffers serialization format for Python"
optional = false
python-versions = "*"
groups = ["main"]
files = [
    {file = "flatbuffers-23.5.26-py2.py3-none-any.whl", hash = "sha256:c0ff356da363087b915fde4b8b45bdda73432fc17cddb3c8157472eab1422ad1"},
    {file = "flatbuffers-23.5.26.tar.gz", hash = "sha256:9ea1144cac05ce5d86e2859f431c6cd5e66cd9c78c558317c7955fb8d4c78d89"},
]

[[package]]
name = "humanfriendly"
version = "10.0"
description = "Human friendly output for text interfaces using Python"
optional = false
python-versions = ">=2.7, !=3.0.*, !=3.1.*, !=3.2.*, !=3.3.*, !=3.4.*"
groups = ["main"]
files = [
    {file = "humanfriendly-10.0-py2.py3-none-any.whl", hash = "sha256:1697e1a8a8f550fd43c2865cd84542fc175a61dcb779b6fee18cf6b6ccba1477"},
    {file = "humanfriendly-10.0.tar.gz", hash = "sha256:6b0b831ce8f15f7300721aa49829fc4e83921a9a301cc7f606be6686a2288ddc"},
]

[package.dependencies]
pyreadline3 = {version = "*", markers = "sys_platform == \"win32\" and python_version >= \"3.8\""}

[[package]]
name = "markdown-it-py"
version = "3.0.0"
description = "Python port of markdown-it. Markdown parsing, done right!"
optional = false
python-versions = ">=3.8"
groups = ["main"]
files = [
    {file = "markdown-it-py-3.0.0.tar.gz", hash = "sha256:e3f60a94fa066dc52ec76661e37c851cb232d92f9886b15cb560aaada2df8feb"},
    {file = "markdown_it_py-3.0.0-py3-none-any.whl", hash = "sha256:355216845c60bd96232cd8d8c40e8f9765cc86f46880e43a8fd22dc1a1a8cab1"},
]

[package.dependencies]
mdurl = ">=0.1,<1.0"

[package.extras]
benchmarking = ["psutil", "pytest", "pytest-benchmark"]
code-style = ["pre-commit (>=3.0,<4.0)"]
compare = ["commonmark (>=0.9,<1.0)", "markdown (>=3.4,<4.0)", "mistletoe (>=1.0,<2.0)", "mistune (>=2.0,<3.0)", "panflute (>=2.3,<3.0)"]
linkify = ["linkify-it-py (>=1,<3)"]
plugins = ["mdit-py-plugins"]
profiling = ["gprof2dot"]
rtd = ["jupyter_sphinx", "mdit-py-plugins", "myst-parser", "pyyaml", "sphinx", "sphinx-copybutton", "sphinx-design", "sphinx_book_theme"]
testing = ["coverage", "pytest", "pytest-cov", "pytest-regressions"]

[[package]]
name = "mdurl"
version = "0.1.2"
description = "Markdown URL utilities"
optional = false
python-versions = ">=3.7"
groups = ["main"]
files = [
    {file = "mdurl-0.1.2-py3-none-any.whl", hash = "sha256:84008a41e51615a49fc9966191ff91509e3c40b939176e643fd50a5c2196b8f8"},
    {file = "mdurl-0.1.2.tar.gz", hash = "sha256:bb413d29f5eea38f31dd4754dd7377d4465116fb207585f97bf925588687c1ba"},
]

[[package]]
name = "mpmath"
version = "1.3.0"
description = "Python library for arbitrary-precision floating-point arithmetic"
optional = false
python-versions = "*"
groups = ["main"]
files = [
    {file = "mpmath-1.3.0-py3-none-any.whl", hash = "sha256:a0b2b9fe80bbcd81a6647ff13108738cfb482d481d826cc0e02f5b35e5c88d2c"},
    {file = "mpmath-1.3.0.tar.gz", hash = "sha256:7a28eb2a9774d00c7bc92411c19a89209d5da7c4c9a9e227be8330a23a25b91f"},
]

[package.extras]
develop = ["codecov", "pycodestyle", "pytest (>=4.6)", "pytest-cov", "wheel"]
docs = ["sphinx"]
gmpy = ["gmpy2 (>=2.1.0a4) ; platform_python_implementation != \"PyPy\""]
tests = ["pytest (>=4.6)"]

[[package]]
name = "numpy"
version = "1.26.2"
description = "Fundamental package for array computing in Python"
optional = false
python-versions = ">=3.9"
groups = ["main"]
files = [
    {file = "numpy-1.26.2-cp310-cp310-macosx_10_9_x86_64.whl", hash = "sha256:3703fc9258a4a122d17043e57b35e5ef1c5a5837c3db8be396c82e04c1cf9b0f"},
    {file = "numpy-1.26.2-cp310-cp310-macosx_11_0_arm64.whl", hash = "sha256:cc392fdcbd21d4be6ae1bb4475a03ce3b025cd49a9be5345d76d7585aea69440"},
    {file = "numpy-1.26.2-cp310-cp310-manylinux_2_17_aarch64.manylinux2014_aarch64.whl", hash = "sha256:36340109af8da8805d8851ef1d74761b3b88e81a9bd80b290bbfed61bd2b4f75"},
    {file = "numpy-1.26.2-cp310-cp310-manylinux_2_17_x86_64.manylinux2014_x86_64.whl", hash = "sha256:bcc008217145b3d77abd3e4d5ef586e3bdfba8fe17940769f8aa09b99e856c00"},
    {file = "numpy-1.26.2-cp310-cp310-musllinux_1_1_aarch64.whl", hash = "sha256:3ced40d4e9e18242f70dd02d739e44698df3dcb010d31f495ff00a31ef6014fe"},
    {file = "numpy-1.26.2-cp310-cp310-musllinux_1_1_x86_64.whl", hash = "sha256:b272d4cecc32c9e19911891446b72e986157e6a1809b7b56518b4f3755267523"},
    {file = "numpy-1.26.2-cp310-cp310-win32.whl", hash = "sha256:22f8fc02fdbc829e7a8c578dd8d2e15a9074b630d4da29cda483337e300e3ee9"},
    {file = "numpy-1.26.2-cp310-cp310-win_amd64.whl", hash = "sha256:26c9d33f8e8b846d5a65dd068c14e04018d05533b348d9eaeef6c1bd787f9919"},
    {file = "numpy-1.26.2-cp311-cp311-macosx_10_9_x86_64.whl", hash = "sha256:b96e7b9c624ef3ae2ae0e04fa9b460f6b9f17ad8b4bec6d7756510f1f6c0c841"},
    {file = "numpy-1.26.2-cp311-cp311-macosx_11_0_arm64.whl", hash = "sha256:aa18428111fb9a591d7a9cc1b48150097ba6a7e8299fb56bdf574df650e7d1f1"},
    {file = "numpy-1.26.2-cp311-cp311-manylinux_2_17_aarch64.manylinux2014_aarch64.whl", hash = "sha256:06fa1ed84aa60ea6ef9f91ba57b5ed963c3729534e6e54055fc151fad0423f0a"},
    {file = "numpy-1.26.2-cp311-cp311-manylinux_2_17_x86_64.manylinux2014_x86_64.whl", hash = "sha256:96ca5482c3dbdd051bcd1fce8034603d6ebfc125a7bd59f55b40d8f5d246832b"},
    {file = "numpy-1.26.2-cp311-cp311-musllinux_1_1_aarch64.whl", hash = "sha256:854ab91a2906ef29dc3925a064fcd365c7b4da743f84b123002f6139bcb3f8a7"},
    {file = "numpy-1.26.2-cp311-cp311-musllinux_1_1_x86_64.whl", hash = "sha256:f43740ab089277d403aa07567be138fc2a89d4d9892d113b76153e0e412409f8"},
    {file = "numpy-1.26.2-cp311-cp311-win32.whl", hash = "sha256:a2bbc29fcb1771cd7b7425f98b05307776a6baf43035d3b80c4b0f29e9545186"},
    {file = "numpy-1.26.2-cp311-cp311-win_amd64.whl", hash = "sha256:2b3fca8a5b00184828d12b073af4d0fc5fdd94b1632c2477526f6bd7842d700d"},
    {file = "numpy-1.26.2-cp312-cp312-macosx_10_9_x86_64.whl", hash = "sha256:a4cd6ed4a339c21f1d1b0fdf13426cb3b284555c27ac2f156dfdaaa7e16bfab0"},
    {file = "numpy-1.26.2-cp312-cp312-macosx_11_0_arm64.whl", hash = "sha256:5d5244aabd6ed7f312268b9247be47343a654ebea52a60f002dc70c769048e75"},
    {file = "numpy-1.26.2-cp312-cp312-manylinux_2_17_aarch64.manylinux2014_aarch64.whl", hash = "sha256:6a3cdb4d9c70e6b8c0814239ead47da00934666f668426fc6e94cce869e13fd7"},
    {file = "numpy-1.26.2-cp312-cp312-manylinux_2_17_x86_64.manylinux2014_x86_64.whl", hash = "sha256:aa317b2325f7aa0a9471663e6093c210cb2ae9c0ad824732b307d2c51983d5b6"},
    {file = "numpy-1.26.2-cp312-cp312-musllinux_1_1_aarch64.whl", hash = "sha256:174a8880739c16c925799c018f3f55b8130c1f7c8e75ab0a6fa9d41cab092fd6"},
    {file = "numpy-1.26.2-cp312-cp312-musllinux_1_1_x86_64.whl", hash = "sha256:f79b231bf5c16b1f39c7f4875e1ded36abee1591e98742b05d8a0fb55d8a3eec"},
    {file = "numpy-1.26.2-cp312-cp312-win32.whl", hash = "sha256:4a06263321dfd3598cacb252f51e521a8cb4b6df471bb12a7ee5cbab20ea9167"},
    {file = "numpy-1.26.2-cp312-cp312-win_amd64.whl", hash = "sha256:b04f5dc6b3efdaab541f7857351aac359e6ae3c126e2edb376929bd3b7f92d7e"},
    {file = "numpy-1.26.2-cp39-cp39-macosx_10_9_x86_64.whl", hash = "sha256:4eb8df4bf8d3d90d091e0146f6c28492b0be84da3e409ebef54349f71ed271ef"},
    {file = "numpy-1.26.2-cp39-cp39-macosx_11_0_arm64.whl", hash = "sha256:1a13860fdcd95de7cf58bd6f8bc5a5ef81c0b0625eb2c9a783948847abbef2c2"},
    {file = "numpy-1.26.2-cp39-cp39-manylinux_2_17_aarch64.manylinux2014_aarch64.whl", hash = "sha256:64308ebc366a8ed63fd0bf426b6a9468060962f1a4339ab1074c228fa6ade8e3"},
    {file = "numpy-1.26.2-cp39-cp39-manylinux_2_17_x86_64.manylinux2014_x86_64.whl", hash = "sha256:baf8aab04a2c0e859da118f0b38617e5ee65d75b83795055fb66c0d5e9e9b818"},
    {file = "numpy-1.26.2-cp39-cp39-musllinux_1_1_aarch64.whl", hash = "sha256:d73a3abcac238250091b11caef9ad12413dab01669511779bc9b29261dd50210"},
    {file = "numpy-1.26.2-cp39-cp39-musllinux_1_1_x86_64.whl", hash = "sha256:b361d369fc7e5e1714cf827b731ca32bff8d411212fccd29ad98ad622449cc36"},
    {file = "numpy-1.26.2-cp39-cp39-win32.whl", hash = "sha256:bd3f0091e845164a20bd5a326860c840fe2af79fa12e0469a12768a3ec578d80"},
    {file = "numpy-1.26.2-cp39-cp39-win_amd64.whl", hash = "sha256:2beef57fb031dcc0dc8fa4fe297a742027b954949cabb52a2a376c144e5e6060"},
    {file = "numpy-1.26.2-pp39-pypy39_pp73-macosx_10_9_x86_64.whl", hash = "sha256:1cc3d5029a30fb5f06704ad6b23b35e11309491c999838c31f124fee32107c79"},
    {file = "numpy-1.26.2-pp39-pypy39_pp73-manylinux_2_17_x86_64.manylinux2014_x86_64.whl", hash = "sha256:94cc3c222bb9fb5a12e334d0479b97bb2df446fbe622b470928f5284ffca3f8d"},
    {file = "numpy-1.26.2-pp39-pypy39_pp73-win_amd64.whl", hash = "sha256:fe6b44fb8fcdf7eda4ef4461b97b3f63c466b27ab151bec2366db8b197387841"},
    {file = "numpy-1.26.2.tar.gz", hash = "sha256:f65738447676ab5777f11e6bbbdb8ce11b785e105f690bc45966574816b6d3ea"},
]

[[package]]
name = "onnx"
version = "1.15.0"
description = "Open Neural Network Exchange"
optional = false
python-versions = ">=3.8"
groups = ["main"]
files = [
    {file = "onnx-1.15.0-cp310-cp310-macosx_10_12_universal2.whl", hash = "sha256:51cacb6aafba308aaf462252ced562111f6991cdc7bc57a6c554c3519453a8ff"},
    {file = "onnx-1.15.0-cp310-cp310-macosx_10_12_x86_64.whl", hash = "sha256:0aee26b6f7f7da7e840de75ad9195a77a147d0662c94eaa6483be13ba468ffc1"},
    {file = "onnx-1.15.0-cp310-cp310-manylinux_2_17_aarch64.manylinux2014_aarch64.whl", hash = "sha256:baf6ef6c93b3b843edb97a8d5b3d229a1301984f3f8dee859c29634d2083e6f9"},
    {file = "onnx-1.15.0-cp310-cp310-manylinux_2_17_x86_64.manylinux2014_x86_64.whl", hash = "sha256:96ed899fe6000edc05bb2828863d3841cfddd5a7cf04c1a771f112e94de75d9f"},
    {file = "onnx-1.15.0-cp310-cp310-win32.whl", hash = "sha256:f1ad3d77fc2f4b4296f0ac2c8cadd8c1dcf765fc586b737462d3a0fe8f7c696a"},
    {file = "onnx-1.15.0-cp310-cp310-win_amd64.whl", hash = "sha256:ca4ebc4f47109bfb12c8c9e83dd99ec5c9f07d2e5f05976356c6ccdce3552010"},
    {file = "onnx-1.15.0-cp311-cp311-macosx_10_12_universal2.whl", hash = "sha256:233ffdb5ca8cc2d960b10965a763910c0830b64b450376da59207f454701f343"},
    {file = "onnx-1.15.0-cp311-cp311-macosx_10_12_x86_64.whl", hash = "sha256:51fa79c9ea9af033638ec51f9177b8e76c55fad65bb83ea96ee88fafade18ee7"},
    {file = "onnx-1.15.0-cp311-cp311-manylinux_2_17_aarch64.manylinux2014_aarch64.whl", hash = "sha256:f277d4861729f5253a51fa41ce91bfec1c4574ee41b5637056b43500917295ce"},
    {file = "onnx-1.15.0-cp311-cp311-manylinux_2_17_x86_64.manylinux2014_x86_64.whl", hash = "sha256:d8a7c94d2ebead8f739fdb70d1ce5a71726f4e17b3e5b8ad64455ea1b2801a85"},
    {file = "onnx-1.15.0-cp311-cp311-win32.whl", hash = "sha256:17dcfb86a8c6bdc3971443c29b023dd9c90ff1d15d8baecee0747a6b7f74e650"},
    {file = "onnx-1.15.0-cp311-cp311-win_amd64.whl", hash = "sha256:60a3e28747e305cd2e766e6a53a0a6d952cf9e72005ec6023ce5e07666676a4e"},
    {file = "onnx-1.15.0-cp38-cp38-macosx_10_12_universal2.whl", hash = "sha256:6b5c798d9e0907eaf319e3d3e7c89a2ed9a854bcb83da5fefb6d4c12d5e90721"},
    {file = "onnx-1.15.0-cp38-cp38-macosx_10_12_x86_64.whl", hash = "sha256:a4f774ff50092fe19bd8f46b2c9b27b1d30fbd700c22abde48a478142d464322"},
    {file = "onnx-1.15.0-cp38-cp38-manylinux_2_17_aarch64.manylinux2014_aarch64.whl", hash = "sha256:b2b0e7f3938f2d994c34616bfb8b4b1cebbc4a0398483344fe5e9f2fe95175e6"},
    {file = "onnx-1.15.0-cp38-cp38-manylinux_2_17_x86_64.manylinux2014_x86_64.whl", hash = "sha256:49cebebd0020a4b12c1dd0909d426631212ef28606d7e4d49463d36abe7639ad"},
    {file = "onnx-1.15.0-cp38-cp38-win32.whl", hash = "sha256:1fdf8a3ff75abc2b32c83bf27fb7c18d6b976c9c537263fadd82b9560fe186fa"},
    {file = "onnx-1.15.0-cp38-cp38-win_amd64.whl", hash = "sha256:763e55c26e8de3a2dce008d55ae81b27fa8fb4acbb01a29b9f3c01f200c4d676"},
    {file = "onnx-1.15.0-cp39-cp39-macosx_10_12_universal2.whl", hash = "sha256:b2d5e802837629fc9c86f19448d19dd04d206578328bce202aeb3d4bedab43c4"},
    {file = "onnx-1.15.0-cp39-cp39-macosx_10_12_x86_64.whl", hash = "sha256:9a9cfbb5e5d5d88f89d0dfc9df5fb858899db874e1d5ed21e76c481f3cafc90d"},
    {file = "onnx-1.15.0-cp39-cp39-manylinux_2_17_aarch64.manylinux2014_aarch64.whl", hash = "sha256:3f472bbe5cb670a0a4a4db08f41fde69b187a009d0cb628f964840d3f83524e9"},
    {file = "onnx-1.15.0-cp39-cp39-manylinux_2_17_x86_64.manylinux2014_x86_64.whl", hash = "sha256:2bf2de9bef64792e5b8080c678023ac7d2b9e05d79a3e17e92cf6a4a624831d2"},
    {file = "onnx-1.15.0-cp39-cp39-win32.whl", hash = "sha256:ef4d9eb44b111e69e4534f3233fc2c13d1e26920d24ae4359d513bd54694bc6d"},
    {file = "onnx-1.15.0-cp39-cp39-win_amd64.whl", hash = "sha256:95d7a3e2d79d371e272e39ae3f7547e0b116d0c7f774a4004e97febe6c93507f"},
    {file = "onnx-1.15.0.tar.gz", hash = "sha256:b18461a7d38f286618ca2a6e78062a2a9c634ce498e631e708a8041b00094825"},
]

[package.dependencies]
numpy = "*"
protobuf = ">=3.20.2"

[package.extras]
reference = ["Pillow", "google-re2"]

[[package]]
name = "onnx-simplifier"
version = "0.4.35"
description = "Simplify your ONNX model"
optional = false
python-versions = ">=3.7"
groups = ["main"]
files = [
    {file = "onnx-simplifier-0.4.35.tar.gz", hash = "sha256:0871e4f1c3958bea4b595cfee45f1d5f06e62d804f4c10f8d8edae1ac8d64084"},
    {file = "onnx_simplifier-0.4.35-cp310-cp310-macosx_10_15_universal2.whl", hash = "sha256:fc0b752859d606ed81427aef7b88e66e0a95860b8e6739989f6ec2f933ba473d"},
    {file = "onnx_simplifier-0.4.35-cp310-cp310-manylinux_2_17_x86_64.manylinux2014_x86_64.whl", hash = "sha256:5ed1f5b662b98a34528bbfe428502bcd938726cc2e4876657f650a1bad4cafa3"},
    {file = "onnx_simplifier-0.4.35-cp310-cp310-win_amd64.whl", hash = "sha256:b1f312cada0c1f73b4a4b474c98422b14ba839f8bc156b31b099f7ca3f29ea94"},
    {file = "onnx_simplifier-0.4.35-cp311-cp311-macosx_10_15_universal2.whl", hash = "sha256:aed2e97761670c85fff11a13905438da57b9bdc0f14890517bc1b48e086783cf"},
    {file = "onnx_simplifier-0.4.35-cp311-cp311-manylinux_2_17_x86_64.manylinux2014_x86_64.whl", hash = "sha256:4986c4272440e719d0652c3bbecba5d842ae2ddb7de7804f23c781761e11cc8a"},
    {file = "onnx_simplifier-0.4.35-cp311-cp311-win_amd64.whl", hash = "sha256:8c8fe41f3598c26532be74062e37fc1ad4b4523bd1cf46525cfda8664828adc6"},
    {file = "onnx_simplifier-0.4.35-cp37-cp37m-manylinux_2_17_x86_64.manylinux2014_x86_64.whl", hash = "sha256:dba9cc7652e89bdeb5ef0364908cdb5e7f1b44f96d923edcadad6e35c5f54ee9"},
    {file = "onnx_simplifier-0.4.35-cp37-cp37m-win_amd64.whl", hash = "sha256:d15d0be388551881346757525bf13a13d625f4f0fb234ef3e577915ddfc62061"},
    {file = "onnx_simplifier-0.4.35-cp38-cp38-macosx_10_15_universal2.whl", hash = "sha256:56e38ff3e49620ba0dba9af37eed54a7fe8aa1858559a61e5b79dc3f47457644"},
    {file = "onnx_simplifier-0.4.35-cp38-cp38-manylinux_2_17_x86_64.manylinux2014_x86_64.whl", hash = "sha256:aa3f48e30d3b7bd69a84af774bd022245f6fd06836f22630b326dd4422eb97d7"},
    {file = "onnx_simplifier-0.4.35-cp38-cp38-win_amd64.whl", hash = "sha256:05de8481978fb93bb6ad996f69233339173bff24ddc77326687fa09fd95cece7"},
    {file = "onnx_simplifier-0.4.35-cp39-cp39-macosx_10_15_universal2.whl", hash = "sha256:abaa6330a520fa9d3ff3da52a86043d9a87c58931bc84e585829c6184622da66"},
    {file = "onnx_simplifier-0.4.35-cp39-cp39-manylinux_2_17_x86_64.manylinux2014_x86_64.whl", hash = "sha256:2dd062fced7e11578a31c3c86b0f213a3ac2ae99d627711a3b8e5e9d70d69d54"},
    {file = "onnx_simplifier-0.4.35-cp39-cp39-win_amd64.whl", hash = "sha256:94826f9bbb052a4b91f900f90a04643471403390f2cc98540d7fb2cdbc7d3734"},
]

[package.dependencies]
onnx = "*"
rich = "*"

[[package]]
name = "onnxruntime"
version = "1.16.2"
description = "ONNX Runtime is a runtime accelerator for Machine Learning models"
optional = false
python-versions = "*"
groups = ["main"]
files = [
    {file = "onnxruntime-1.16.2-cp310-cp310-macosx_10_15_x86_64.whl", hash = "sha256:e19316bb15c29ca0397e78861ee7cdb4db763ac5c53eaa83169bcdcb1149878c"},
    {file = "onnxruntime-1.16.2-cp310-cp310-macosx_11_0_arm64.whl", hash = "sha256:773f6d99d1e6a58936a55a4933c66674241dace9ec4bab71664cdfa170a7cd87"},
    {file = "onnxruntime-1.16.2-cp310-cp310-manylinux_2_17_aarch64.manylinux2014_aarch64.whl", hash = "sha256:e8b8df9583a6e874f1983b85a361d22c205c96e926626eb486d3e69d72642f79"},
    {file = "onnxruntime-1.16.2-cp310-cp310-manylinux_2_17_x86_64.manylinux2014_x86_64.whl", hash = "sha256:ceef600de846997e3ef5f9af956ae87c88d84d6e925c3e9d435ce17ea223568f"},
    {file = "onnxruntime-1.16.2-cp310-cp310-win32.whl", hash = "sha256:4fed41edb766c6adea6c34f1eb63a344d697fd4625133e5e48f23950bce60803"},
    {file = "onnxruntime-1.16.2-cp310-cp310-win_amd64.whl", hash = "sha256:9fc410ec220804fb384e7cb4fd68c474d89da11a1b68184db2001d64ba1477a9"},
    {file = "onnxruntime-1.16.2-cp311-cp311-macosx_10_15_x86_64.whl", hash = "sha256:aa09d8d9d9a4dc2f6647b5135bb540da36e2d78206aaf14140ba73e05928c4f8"},
    {file = "onnxruntime-1.16.2-cp311-cp311-macosx_11_0_arm64.whl", hash = "sha256:68f8d3347f11fcc6256266c562e4314b8c6da3e30fc275052a2ab693540b17fd"},
    {file = "onnxruntime-1.16.2-cp311-cp311-manylinux_2_17_aarch64.manylinux2014_aarch64.whl", hash = "sha256:16217fa87d3482300a91036f9b499c85215a3b495de1ef9a68cbcf3df1a7c548"},
    {file = "onnxruntime-1.16.2-cp311-cp311-manylinux_2_17_x86_64.manylinux2014_x86_64.whl", hash = "sha256:ce6b7046005442fcd09b86647bdc9a85d60c1367cb36ce7f16b942744cf27fe4"},
    {file = "onnxruntime-1.16.2-cp311-cp311-win32.whl", hash = "sha256:773c231e526f815b8a3f3549d216cd8fed4c9e226e9e16e86af1b69a4bd29b58"},
    {file = "onnxruntime-1.16.2-cp311-cp311-win_amd64.whl", hash = "sha256:90e83a93b3d946c4a1d9dcbae286350accb0d80512d7c1b85953a444d19c0058"},
    {file = "onnxruntime-1.16.2-cp38-cp38-macosx_10_15_x86_64.whl", hash = "sha256:8616f56905775dd8beeae11cf145542fff06c38cd97bfe9afe0c4a66142fc6d5"},
    {file = "onnxruntime-1.16.2-cp38-cp38-macosx_11_0_arm64.whl", hash = "sha256:9f5e1d5ca5560044896edb2ad79113f863dc7daa804a26787c7b21c2a96d41e7"},
    {file = "onnxruntime-1.16.2-cp38-cp38-manylinux_2_17_aarch64.manylinux2014_aarch64.whl", hash = "sha256:b97ce538ffb668c4897e7500a586c150a045869876e0234e0611c4e4f428be63"},
    {file = "onnxruntime-1.16.2-cp38-cp38-manylinux_2_17_x86_64.manylinux2014_x86_64.whl", hash = "sha256:7cadf175baa782599f36586c23f84fe12b02702ceb59be57dbd8eefc6cc13cc4"},
    {file = "onnxruntime-1.16.2-cp38-cp38-win32.whl", hash = "sha256:0ffd3b8a3039be713476b8783d254564976664c9b51ec70e7fb5d3e2832bf0f0"},
    {file = "onnxruntime-1.16.2-cp38-cp38-win_amd64.whl", hash = "sha256:e2211f336e83819edbf174dcf56de35b0dcbfc6c92d3b685c8d85fba19bdf97d"},
    {file = "onnxruntime-1.16.2-cp39-cp39-macosx_10_15_x86_64.whl", hash = "sha256:98a49bda980bcf819f8d9be880e3e7ba8a1df66aa5ce4fc7bb68ba9acf1fc7ad"},
    {file = "onnxruntime-1.16.2-cp39-cp39-macosx_11_0_arm64.whl", hash = "sha256:1f1e90fa0f43e988cd043e5a4b1eb77eda6cbd7523f316d93d36b33ff1ceb91f"},
    {file = "onnxruntime-1.16.2-cp39-cp39-manylinux_2_17_aarch64.manylinux2014_aarch64.whl", hash = "sha256:b0cbdb7df8078b2e8d9804de948963961eb8c6f417ef35ed243455162a9a065c"},
    {file = "onnxruntime-1.16.2-cp39-cp39-manylinux_2_17_x86_64.manylinux2014_x86_64.whl", hash = "sha256:b93c1cbd885c5fe0018b982c9dabe3cc3531416a3b50d0958a291605b32fe3ce"},
    {file = "onnxruntime-1.16.2-cp39-cp39-win32.whl", hash = "sha256:713101b65d74438f380f5ea2475ce4f6026171e6229100e5be2baa92519fca17"},
    {file = "onnxruntime-1.16.2-cp39-cp39-win_amd64.whl", hash = "sha256:3382934f9d86060b6bacd3eb4633c5ff904be2c99d3a7fb7faf2828381b15928"},
]

[package.dependencies]
coloredlogs = "*"
flatbuffers = "*"
numpy = ">=1.21.6"
packaging = "*"
protobuf = "*"
sympy = "*"

[[package]]
name = "packaging"
version = "23.2"
description = "Core utilities for Python packages"
optional = false
python-versions = ">=3.7"
groups = ["main"]
files = [
    {file = "packaging-23.2-py3-none-any.whl", hash = "sha256:8c491190033a9af7e1d931d0b5dacc2ef47509b34dd0de67ed209b5203fc88c7"},
    {file = "packaging-23.2.tar.gz", hash = "sha256:048fb0e9405036518eaaf48a55953c750c11e1a1b68e0dd1a9d62ed0c092cfc5"},
]

[[package]]
name = "protobuf"
version = "4.25.0"
description = ""
optional = false
python-versions = ">=3.8"
groups = ["main"]
files = [
    {file = "protobuf-4.25.0-cp310-abi3-win32.whl", hash = "sha256:5c1203ac9f50e4853b0a0bfffd32c67118ef552a33942982eeab543f5c634395"},
    {file = "protobuf-4.25.0-cp310-abi3-win_amd64.whl", hash = "sha256:c40ff8f00aa737938c5378d461637d15c442a12275a81019cc2fef06d81c9419"},
    {file = "protobuf-4.25.0-cp37-abi3-macosx_10_9_universal2.whl", hash = "sha256:cf21faba64cd2c9a3ed92b7a67f226296b10159dbb8fbc5e854fc90657d908e4"},
    {file = "protobuf-4.25.0-cp37-abi3-manylinux2014_aarch64.whl", hash = "sha256:32ac2100b0e23412413d948c03060184d34a7c50b3e5d7524ee96ac2b10acf51"},
    {file = "protobuf-4.25.0-cp37-abi3-manylinux2014_x86_64.whl", hash = "sha256:683dc44c61f2620b32ce4927de2108f3ebe8ccf2fd716e1e684e5a50da154054"},
    {file = "protobuf-4.25.0-cp38-cp38-win32.whl", hash = "sha256:1a3ba712877e6d37013cdc3476040ea1e313a6c2e1580836a94f76b3c176d575"},
    {file = "protobuf-4.25.0-cp38-cp38-win_amd64.whl", hash = "sha256:b2cf8b5d381f9378afe84618288b239e75665fe58d0f3fd5db400959274296e9"},
    {file = "protobuf-4.25.0-cp39-cp39-win32.whl", hash = "sha256:63714e79b761a37048c9701a37438aa29945cd2417a97076048232c1df07b701"},
    {file = "protobuf-4.25.0-cp39-cp39-win_amd64.whl", hash = "sha256:d94a33db8b7ddbd0af7c467475fb9fde0c705fb315a8433c0e2020942b863a1f"},
    {file = "protobuf-4.25.0-py3-none-any.whl", hash = "sha256:1a53d6f64b00eecf53b65ff4a8c23dc95df1fa1e97bb06b8122e5a64f49fc90a"},
    {file = "protobuf-4.25.0.tar.gz", hash = "sha256:68f7caf0d4f012fd194a301420cf6aa258366144d814f358c5b32558228afa7c"},
]

[[package]]
name = "pygments"
version = "2.16.1"
description = "Pygments is a syntax highlighting package written in Python."
optional = false
python-versions = ">=3.7"
groups = ["main"]
files = [
    {file = "Pygments-2.16.1-py3-none-any.whl", hash = "sha256:13fc09fa63bc8d8671a6d247e1eb303c4b343eaee81d861f3404db2935653692"},
    {file = "Pygments-2.16.1.tar.gz", hash = "sha256:1daff0494820c69bc8941e407aa20f577374ee88364ee10a98fdbe0aece96e29"},
]

[package.extras]
plugins = ["importlib-metadata ; python_version < \"3.8\""]

[[package]]
name = "pyreadline3"
version = "3.4.1"
description = "A python implementation of GNU readline."
optional = false
python-versions = "*"
groups = ["main"]
markers = "sys_platform == \"win32\""
files = [
    {file = "pyreadline3-3.4.1-py3-none-any.whl", hash = "sha256:b0efb6516fd4fb07b45949053826a62fa4cb353db5be2bbb4a7aa1fdd1e345fb"},
    {file = "pyreadline3-3.4.1.tar.gz", hash = "sha256:6f3d1f7b8a31ba32b73917cefc1f28cc660562f39aea8646d30bd6eff21f7bae"},
]

[[package]]
name = "rich"
version = "13.6.0"
description = "Render rich text, tables, progress bars, syntax highlighting, markdown and more to the terminal"
optional = false
python-versions = ">=3.7.0"
groups = ["main"]
files = [
    {file = "rich-13.6.0-py3-none-any.whl", hash = "sha256:2b38e2fe9ca72c9a00170a1a2d20c63c790d0e10ef1fe35eba76e1e7b1d7d245"},
    {file = "rich-13.6.0.tar.gz", hash = "sha256:5c14d22737e6d5084ef4771b62d5d4363165b403455a30a1c8ca39dc7b644bef"},
]

[package.dependencies]
markdown-it-py = ">=2.2.0"
pygments = ">=2.13.0,<3.0.0"

[package.extras]
jupyter = ["ipywidgets (>=7.5.1,<9)"]

[[package]]
name = "sympy"
version = "1.12"
description = "Computer algebra system (CAS) in Python"
optional = false
python-versions = ">=3.8"
groups = ["main"]
files = [
    {file = "sympy-1.12-py3-none-any.whl", hash = "sha256:c3588cd4295d0c0f603d0f2ae780587e64e2efeedb3521e46b9bb1d08d184fa5"},
    {file = "sympy-1.12.tar.gz", hash = "sha256:ebf595c8dac3e0fdc4152c51878b498396ec7f30e7a914d6071e674d49420fb8"},
]

[package.dependencies]
mpmath = ">=0.19"

[metadata]
lock-version = "2.1"
python-versions = "^3.9"
content-hash = "edd057de5d0d1168a7b5b83c9f818b31bdb0574e133d92abeefa91f203388de4"
